{
  "projects": [
    {
      "projectId": "pa7sVod8bKytSwUDATE2VX",
      "version": "latest",
      "dependencies": {},
      "lang": "ts",
      "fileLocks": [
        {
          "type": "globalVariant",
          "assetId": "TRXlpJoOf-oW4",
          "checksum": "016269e477209c35c685ec59d8e06480"
        },
        {
          "assetId": "pa7sVod8bKytSwUDATE2VX",
          "type": "projectCss",
          "checksum": "b5cd5de35498d55282972ee25c4c1663"
        },
        {
          "type": "renderModule",
          "assetId": "QJV4ARtLTZg4",
          "checksum": "930a74baf04230aa56556b878ee5730b"
        },
        {
          "type": "cssRules",
          "assetId": "QJV4ARtLTZg4",
          "checksum": "930a74baf04230aa56556b878ee5730b"
        },
        {
          "type": "renderModule",
          "assetId": "FBtFEU5KRtou",
          "checksum": "e625d1ca5a089d4e4b699270473d9fd7"
        },
        {
          "type": "cssRules",
          "assetId": "FBtFEU5KRtou",
          "checksum": "e625d1ca5a089d4e4b699270473d9fd7"
        },
        {
          "type": "renderModule",
          "assetId": "vJh7k2_x97Zk",
          "checksum": "84e6ac514116b89c6a5a924137c5be1b"
        },
        {
          "type": "cssRules",
          "assetId": "vJh7k2_x97Zk",
          "checksum": "84e6ac514116b89c6a5a924137c5be1b"
        },
        {
          "type": "renderModule",
          "assetId": "o_WVJMCg7nB0",
          "checksum": "2424d0860b1462836a8231dd1c01efa7"
        },
        {
          "type": "cssRules",
          "assetId": "o_WVJMCg7nB0",
          "checksum": "2424d0860b1462836a8231dd1c01efa7"
        },
        {
          "type": "renderModule",
          "assetId": "bJKYdrN41AoS",
          "checksum": "55712bcd79514db98d73dcde8e7437d4"
        },
        {
          "type": "cssRules",
          "assetId": "bJKYdrN41AoS",
          "checksum": "55712bcd79514db98d73dcde8e7437d4"
        },
        {
          "type": "renderModule",
          "assetId": "6yaIIveJrpL1",
          "checksum": "92dda7fb8d51542185c9c8dbd94f88f1"
        },
        {
          "type": "cssRules",
          "assetId": "6yaIIveJrpL1",
          "checksum": "92dda7fb8d51542185c9c8dbd94f88f1"
        },
        {
          "type": "renderModule",
          "assetId": "pYNPUCblNIbj",
          "checksum": "25f21aaaf60261c954f4ac310d2d9776"
        },
        {
          "type": "cssRules",
          "assetId": "pYNPUCblNIbj",
          "checksum": "25f21aaaf60261c954f4ac310d2d9776"
        },
        {
          "type": "renderModule",
          "assetId": "PStYUYe__WmT",
          "checksum": "151aa72063023390abc90343af2f5086"
        },
        {
          "type": "cssRules",
          "assetId": "PStYUYe__WmT",
          "checksum": "151aa72063023390abc90343af2f5086"
        },
        {
          "type": "renderModule",
          "assetId": "Hmy657fkj6Oc",
          "checksum": "6ddde58f32a61f74031bc5ec0623709c"
        },
        {
          "type": "cssRules",
          "assetId": "Hmy657fkj6Oc",
          "checksum": "6ddde58f32a61f74031bc5ec0623709c"
        },
        {
          "type": "renderModule",
          "assetId": "1SGhc-DPN5XQ7",
          "checksum": "5ecf1b8189f452962dfb7202024bfec8"
        },
        {
          "type": "cssRules",
          "assetId": "1SGhc-DPN5XQ7",
          "checksum": "5ecf1b8189f452962dfb7202024bfec8"
        },
        {
          "type": "renderModule",
          "assetId": "oL5xzGTc8htef",
          "checksum": "3f7d9c52b806c3106291132ce59cc274"
        },
        {
          "type": "cssRules",
          "assetId": "oL5xzGTc8htef",
          "checksum": "3f7d9c52b806c3106291132ce59cc274"
        },
        {
          "type": "renderModule",
          "assetId": "8Uh-pZQEEKK",
          "checksum": "56ab7c3d501284c3bcbc9815c39e9c59"
        },
        {
          "type": "cssRules",
          "assetId": "8Uh-pZQEEKK",
          "checksum": "56ab7c3d501284c3bcbc9815c39e9c59"
        },
        {
          "type": "renderModule",
          "assetId": "0IKOWTo7BC8",
          "checksum": "de9a6dfacf34d4a8ded04f116a2396de"
        },
        {
          "type": "cssRules",
          "assetId": "0IKOWTo7BC8",
          "checksum": "de9a6dfacf34d4a8ded04f116a2396de"
        },
        {
          "type": "renderModule",
          "assetId": "8S8CX-y65akz",
          "checksum": "16abc16c5c76db670ce09b3b4f2c166e"
        },
        {
          "type": "cssRules",
          "assetId": "8S8CX-y65akz",
          "checksum": "16abc16c5c76db670ce09b3b4f2c166e"
        },
        {
          "type": "renderModule",
          "assetId": "IipYP1OVSc60",
          "checksum": "06e7f90d25b4723cbf9d212dfa61a39d"
        },
        {
          "type": "cssRules",
          "assetId": "IipYP1OVSc60",
          "checksum": "06e7f90d25b4723cbf9d212dfa61a39d"
        },
        {
          "type": "renderModule",
          "assetId": "_3MzPLlmAKPx",
          "checksum": "9a784766347c850a2543e2162820ca7f"
        },
        {
          "type": "cssRules",
          "assetId": "_3MzPLlmAKPx",
          "checksum": "9a784766347c850a2543e2162820ca7f"
        },
        {
          "type": "renderModule",
          "assetId": "HKwuYx15ejL6",
          "checksum": "157e32043b098be3404370138ab09d58"
        },
        {
          "type": "cssRules",
          "assetId": "HKwuYx15ejL6",
          "checksum": "157e32043b098be3404370138ab09d58"
        },
        {
          "type": "renderModule",
          "assetId": "LA6cIoFI-nR3",
          "checksum": "5baff764806208334f0edcc4115816b7"
        },
        {
          "type": "cssRules",
          "assetId": "LA6cIoFI-nR3",
          "checksum": "5baff764806208334f0edcc4115816b7"
        },
        {
          "type": "renderModule",
          "assetId": "H0G8F9NIgrOl",
          "checksum": "6902895a1ae849d351568dd2fc5538f8"
        },
        {
          "type": "cssRules",
          "assetId": "H0G8F9NIgrOl",
          "checksum": "6902895a1ae849d351568dd2fc5538f8"
        },
        {
          "type": "renderModule",
          "assetId": "Re2iBihNwkAr",
          "checksum": "52e69907f9b5285972fdd9eef4b45aa7"
        },
        {
          "type": "cssRules",
          "assetId": "Re2iBihNwkAr",
          "checksum": "52e69907f9b5285972fdd9eef4b45aa7"
        },
        {
          "type": "renderModule",
          "assetId": "RUQiiQ4kJszi",
          "checksum": "25dd240c9311b4d1dbb981edc200ce46"
        },
        {
          "type": "cssRules",
          "assetId": "RUQiiQ4kJszi",
          "checksum": "25dd240c9311b4d1dbb981edc200ce46"
        },
        {
          "type": "renderModule",
          "assetId": "u1ElaXXZI5UK",
          "checksum": "375f8fcf66fffa4f54890a0a427c7b85"
        },
        {
          "type": "cssRules",
          "assetId": "u1ElaXXZI5UK",
          "checksum": "375f8fcf66fffa4f54890a0a427c7b85"
        },
        {
          "type": "renderModule",
          "assetId": "d8HtiFIS4ir9W",
          "checksum": "50524dba86042c5f2e2c3401795dcd50"
        },
        {
          "type": "cssRules",
          "assetId": "d8HtiFIS4ir9W",
          "checksum": "50524dba86042c5f2e2c3401795dcd50"
        },
        {
          "type": "renderModule",
          "assetId": "lvH_ZFjIdOtAl",
          "checksum": "2346354f43196f9872f77271f0ad430d"
        },
        {
          "type": "cssRules",
          "assetId": "lvH_ZFjIdOtAl",
          "checksum": "2346354f43196f9872f77271f0ad430d"
        },
        {
          "type": "renderModule",
          "assetId": "1O92STvNQlQnT",
          "checksum": "47ae8296318894050679e398adf01063"
        },
        {
          "type": "cssRules",
          "assetId": "1O92STvNQlQnT",
          "checksum": "47ae8296318894050679e398adf01063"
        },
        {
          "type": "renderModule",
          "assetId": "gpSEyqw8zP62e",
          "checksum": "2b07f9aafc34fd9cb253fe69bf8e4175"
        },
        {
          "type": "cssRules",
          "assetId": "gpSEyqw8zP62e",
          "checksum": "2b07f9aafc34fd9cb253fe69bf8e4175"
        },
        {
          "type": "renderModule",
          "assetId": "JFQwLBR8BIYry",
          "checksum": "61928144ce4e7dfbeb6b2bde890570c9"
        },
        {
          "type": "cssRules",
          "assetId": "JFQwLBR8BIYry",
          "checksum": "61928144ce4e7dfbeb6b2bde890570c9"
        },
        {
          "type": "renderModule",
          "assetId": "UUGoL_pNjF1hg",
          "checksum": "73bdd2f3fd4476f97944dc76bf1ddfc9"
        },
        {
          "type": "cssRules",
          "assetId": "UUGoL_pNjF1hg",
          "checksum": "73bdd2f3fd4476f97944dc76bf1ddfc9"
        },
        {
          "type": "renderModule",
          "assetId": "dxLunjY_KOf2M",
          "checksum": "84dcdec3a65663ea3ae127679dfd4d99"
        },
        {
          "type": "cssRules",
          "assetId": "dxLunjY_KOf2M",
          "checksum": "84dcdec3a65663ea3ae127679dfd4d99"
        },
        {
          "type": "renderModule",
          "assetId": "GbdURnObSJngF",
          "checksum": "f05adace9626d1923b2226187c302a57"
        },
        {
          "type": "cssRules",
          "assetId": "GbdURnObSJngF",
          "checksum": "f05adace9626d1923b2226187c302a57"
        },
        {
          "type": "renderModule",
          "assetId": "Ss7dzqZYm35Ae",
          "checksum": "24cc78e22ccb2b18fd9e1d742f467204"
        },
        {
          "type": "cssRules",
          "assetId": "Ss7dzqZYm35Ae",
          "checksum": "24cc78e22ccb2b18fd9e1d742f467204"
        },
        {
          "type": "renderModule",
          "assetId": "wmSYS2dMWi1V_",
          "checksum": "5d2a02e3d155314516dd5a24371a63d3"
        },
        {
          "type": "cssRules",
          "assetId": "wmSYS2dMWi1V_",
          "checksum": "5d2a02e3d155314516dd5a24371a63d3"
        },
        {
          "type": "renderModule",
          "assetId": "AL384O4oXZ-mf",
          "checksum": "f8f11dea2c6667d9d3f3e6d04d925852"
        },
        {
          "type": "cssRules",
          "assetId": "AL384O4oXZ-mf",
          "checksum": "f8f11dea2c6667d9d3f3e6d04d925852"
        },
        {
          "type": "renderModule",
          "assetId": "SRVbkz2sv9AeF",
          "checksum": "033cf702f9b6beb4ef63891a18177af6"
        },
        {
          "type": "cssRules",
          "assetId": "SRVbkz2sv9AeF",
          "checksum": "033cf702f9b6beb4ef63891a18177af6"
        },
        {
          "type": "renderModule",
          "assetId": "SmXoK8mJ6dNh5",
          "checksum": "7d3edf625b097bad4416f5a8ef7e2ded"
        },
        {
          "type": "cssRules",
          "assetId": "SmXoK8mJ6dNh5",
          "checksum": "7d3edf625b097bad4416f5a8ef7e2ded"
        },
        {
          "type": "renderModule",
          "assetId": "MrsWVVUzwS4Ue",
          "checksum": "f08a952f01027a658b5635eeec232ee1"
        },
        {
          "type": "cssRules",
          "assetId": "MrsWVVUzwS4Ue",
          "checksum": "f08a952f01027a658b5635eeec232ee1"
        },
        {
          "type": "renderModule",
          "assetId": "0-ql1Y3PoB2Vs",
          "checksum": "9e6d1bae519261d46191d371bb90bf18"
        },
        {
          "type": "cssRules",
          "assetId": "0-ql1Y3PoB2Vs",
          "checksum": "9e6d1bae519261d46191d371bb90bf18"
        },
        {
          "type": "renderModule",
          "assetId": "ZqNRasr20LC7v",
          "checksum": "11f0036e09413c19637a16f35c4de6a6"
        },
        {
          "type": "cssRules",
          "assetId": "ZqNRasr20LC7v",
          "checksum": "11f0036e09413c19637a16f35c4de6a6"
        },
        {
          "type": "renderModule",
          "assetId": "0R41Ihy_g3VF4",
          "checksum": "2abd665ee33c00f13dc76a1232c6f3b8"
        },
        {
          "type": "cssRules",
          "assetId": "0R41Ihy_g3VF4",
          "checksum": "2abd665ee33c00f13dc76a1232c6f3b8"
        },
        {
          "type": "renderModule",
          "assetId": "lmelEECyMLaHY",
          "checksum": "81e48a0c710a04379f06ccbf0132c5cb"
        },
        {
          "type": "cssRules",
          "assetId": "lmelEECyMLaHY",
          "checksum": "81e48a0c710a04379f06ccbf0132c5cb"
        },
        {
          "type": "renderModule",
          "assetId": "sW_MSmBW0iYTr",
          "checksum": "e4a8cc54116a2c9b5caf02e08bbbfea8"
        },
        {
          "type": "cssRules",
          "assetId": "sW_MSmBW0iYTr",
          "checksum": "e4a8cc54116a2c9b5caf02e08bbbfea8"
        },
        {
          "type": "renderModule",
          "assetId": "sTFit8fX86NYf",
          "checksum": "0a373567cec7edee98c541104f5be09e"
        },
        {
          "type": "cssRules",
          "assetId": "sTFit8fX86NYf",
          "checksum": "0a373567cec7edee98c541104f5be09e"
        },
        {
          "type": "renderModule",
          "assetId": "WQTH_unf_6Xol",
          "checksum": "668b640a5f4515f9f99030e244dc8934"
        },
        {
          "type": "cssRules",
          "assetId": "WQTH_unf_6Xol",
          "checksum": "668b640a5f4515f9f99030e244dc8934"
        },
        {
          "type": "renderModule",
          "assetId": "WhXSI6QZCnwjA",
          "checksum": "019528fb78cf90d497a1352b1148f4ee"
        },
        {
          "type": "cssRules",
          "assetId": "WhXSI6QZCnwjA",
          "checksum": "019528fb78cf90d497a1352b1148f4ee"
        },
        {
          "type": "renderModule",
          "assetId": "uJpvdcRftaAdk",
          "checksum": "338293a0677be6b009273612fa8d093f"
        },
        {
          "type": "cssRules",
          "assetId": "uJpvdcRftaAdk",
          "checksum": "338293a0677be6b009273612fa8d093f"
        },
        {
          "type": "renderModule",
          "assetId": "2HdGjmGkrSFS3",
          "checksum": "4b2feb379398bc6e76c8096a7f3a4b0d"
        },
        {
          "type": "cssRules",
          "assetId": "2HdGjmGkrSFS3",
          "checksum": "4b2feb379398bc6e76c8096a7f3a4b0d"
        },
        {
          "type": "renderModule",
          "assetId": "t-3xsRbKhSTos",
          "checksum": "9a5ac15006d7ab0e04ba8828d4c23e7a"
        },
        {
          "type": "cssRules",
          "assetId": "t-3xsRbKhSTos",
          "checksum": "9a5ac15006d7ab0e04ba8828d4c23e7a"
        },
        {
          "type": "renderModule",
          "assetId": "0VT1NHIMI5Hxd",
          "checksum": "39504cdcb8f288cda726ba7981ac7f33"
        },
        {
          "type": "cssRules",
          "assetId": "0VT1NHIMI5Hxd",
          "checksum": "39504cdcb8f288cda726ba7981ac7f33"
        },
        {
          "type": "renderModule",
          "assetId": "bjixgHnajmcWY",
          "checksum": "4663de08e36fd2e79f29bcad0bb441ea"
        },
        {
          "type": "cssRules",
          "assetId": "bjixgHnajmcWY",
          "checksum": "4663de08e36fd2e79f29bcad0bb441ea"
        },
        {
          "type": "renderModule",
          "assetId": "CvU96IO_MrKV4",
          "checksum": "4b806e6e28d9ba55b4c5f5dbe5db1a1e"
        },
        {
          "type": "cssRules",
          "assetId": "CvU96IO_MrKV4",
          "checksum": "4b806e6e28d9ba55b4c5f5dbe5db1a1e"
        },
        {
          "type": "renderModule",
          "assetId": "Jy9iMl-S3a9t3",
          "checksum": "6f7293a4cfa160105c53563a1efaacc9"
        },
        {
          "type": "cssRules",
          "assetId": "Jy9iMl-S3a9t3",
          "checksum": "6f7293a4cfa160105c53563a1efaacc9"
        },
        {
          "type": "renderModule",
          "assetId": "wtoo1lxzmxi6_",
          "checksum": "642eee31e1d528a86dd021cc849e8558"
        },
        {
          "type": "cssRules",
          "assetId": "wtoo1lxzmxi6_",
          "checksum": "642eee31e1d528a86dd021cc849e8558"
        },
        {
          "type": "renderModule",
          "assetId": "f-oHHT688YUKY",
          "checksum": "9ce3d9e974657d1cee609705b754d999"
        },
        {
          "type": "cssRules",
          "assetId": "f-oHHT688YUKY",
          "checksum": "9ce3d9e974657d1cee609705b754d999"
        },
        {
          "type": "renderModule",
          "assetId": "NL_v-b3Wo5nb-",
          "checksum": "c2cabeb2c8446bc176365a6afce482e7"
        },
        {
          "type": "cssRules",
          "assetId": "NL_v-b3Wo5nb-",
          "checksum": "c2cabeb2c8446bc176365a6afce482e7"
        },
        {
          "type": "renderModule",
          "assetId": "BhF9fMfxce6iv",
          "checksum": "8e70f6c4a7466bbc3b74940dff7527af"
        },
        {
          "type": "cssRules",
          "assetId": "BhF9fMfxce6iv",
          "checksum": "8e70f6c4a7466bbc3b74940dff7527af"
        },
        {
          "type": "renderModule",
          "assetId": "4K6jmPD7-Tep_",
          "checksum": "25f0c954626f444e2d56185aafd07cc1"
        },
        {
          "type": "cssRules",
          "assetId": "4K6jmPD7-Tep_",
          "checksum": "25f0c954626f444e2d56185aafd07cc1"
        },
        {
          "type": "renderModule",
          "assetId": "HTCuMR30XHPfN",
          "checksum": "e213fdc2be57d5ca29fd7b4096af289e"
        },
        {
          "type": "cssRules",
          "assetId": "HTCuMR30XHPfN",
          "checksum": "e213fdc2be57d5ca29fd7b4096af289e"
        },
        {
          "type": "renderModule",
          "assetId": "_0W_VaMbWLBRh",
          "checksum": "71570ec0c7b6b575de6f3688f95ed18c"
        },
        {
          "type": "cssRules",
          "assetId": "_0W_VaMbWLBRh",
          "checksum": "71570ec0c7b6b575de6f3688f95ed18c"
        },
        {
          "type": "renderModule",
          "assetId": "2onpagIIwh0OE",
          "checksum": "27896a5844047c06cc619110575a9b1f"
        },
        {
          "type": "cssRules",
          "assetId": "2onpagIIwh0OE",
          "checksum": "27896a5844047c06cc619110575a9b1f"
        },
        {
          "type": "renderModule",
          "assetId": "G9RMZDNG6MFcW",
          "checksum": "db6259a04f862bbfb2e518b15d1d79c7"
        },
        {
          "type": "cssRules",
          "assetId": "G9RMZDNG6MFcW",
          "checksum": "db6259a04f862bbfb2e518b15d1d79c7"
        },
        {
          "type": "renderModule",
          "assetId": "b0hUlyjvsFjqJ",
          "checksum": "a91a424dce9abb9ab4ea2c4053300070"
        },
        {
          "type": "cssRules",
          "assetId": "b0hUlyjvsFjqJ",
          "checksum": "a91a424dce9abb9ab4ea2c4053300070"
        },
        {
          "type": "renderModule",
          "assetId": "8Ci58clf_7SnY",
          "checksum": "278de236a22527959ac256438e293351"
        },
        {
          "type": "cssRules",
          "assetId": "8Ci58clf_7SnY",
          "checksum": "278de236a22527959ac256438e293351"
        },
        {
          "type": "renderModule",
          "assetId": "8AIy1r_kRBR85",
          "checksum": "5052ac62f08b79aabf58456f14ceaf8a"
        },
        {
          "type": "cssRules",
          "assetId": "8AIy1r_kRBR85",
          "checksum": "5052ac62f08b79aabf58456f14ceaf8a"
        },
        {
          "type": "renderModule",
          "assetId": "03A5Qc-kFvvUJ",
          "checksum": "2a4ba1f0aecc2897d40fb3dd25d687e5"
        },
        {
          "type": "cssRules",
          "assetId": "03A5Qc-kFvvUJ",
          "checksum": "2a4ba1f0aecc2897d40fb3dd25d687e5"
        },
        {
          "type": "renderModule",
          "assetId": "s6pb6S-_rJoQ_",
          "checksum": "9ba1cdb43db460e6f4c6f6dddca71dbb"
        },
        {
          "type": "cssRules",
          "assetId": "s6pb6S-_rJoQ_",
          "checksum": "9ba1cdb43db460e6f4c6f6dddca71dbb"
        },
        {
          "type": "renderModule",
          "assetId": "CtNWjoNnix",
          "checksum": "1a2f302526c7970ca6a9628744c0a8be"
        },
        {
          "type": "cssRules",
          "assetId": "CtNWjoNnix",
          "checksum": "1a2f302526c7970ca6a9628744c0a8be"
        },
        {
          "type": "icon",
          "assetId": "RepBlWcAYMGwz",
          "checksum": "13fcd689e575641929b933de8ec0a6f7"
        },
        {
          "type": "icon",
          "assetId": "5Y5nv0Iw_IZAz",
          "checksum": "400d0f8454d4116c32ef19361381da61"
        },
        {
          "type": "icon",
          "assetId": "3ihnzp_BYbkrM",
          "checksum": "31408604139d06c1b2ee9cf61214ac3a"
        },
        {
          "type": "icon",
          "assetId": "PNb5O19sjEGpT",
          "checksum": "fe31bff22808e3b7331681ce43fdf3a0"
        },
        {
          "type": "icon",
          "assetId": "odyh_jo2I97Ra",
          "checksum": "f0436f8ba6c5dd49e053a91ce134cf19"
        },
        {
          "type": "icon",
          "assetId": "w0xbZwsJRA-f8",
          "checksum": "16d0ac645a8f04378bcc69bc77130642"
        },
        {
          "type": "icon",
          "assetId": "1NTvAJJ8S0aRM",
          "checksum": "ea47ec9d5ec87ae9fa67f6aac5f64634"
        },
        {
          "type": "icon",
          "assetId": "Tz0d04hsc3HD7",
          "checksum": "3fd6149b707be354f24b5de7f1c41a42"
        },
        {
          "type": "icon",
          "assetId": "EZ-UHqsKmUV0E",
          "checksum": "0506b4351c1948b7ff44f9d63bdbde6e"
        },
        {
          "type": "icon",
          "assetId": "frQe-FDHe9a5P",
          "checksum": "7abb74b125abbdb07f905f4cf60144c6"
        },
        {
          "type": "icon",
          "assetId": "H0Lh3jQ5OM-yG",
          "checksum": "574b7bbf59aa0a97dc560a58a0144746"
        },
        {
          "type": "icon",
          "assetId": "IDccrqveitDFv",
          "checksum": "be139e243bc7bef03337ebf60bd0f959"
        },
        {
          "type": "icon",
          "assetId": "rM1hMAOAoH7Rq",
          "checksum": "c2c095c67c727cf47869f78a00d9160f"
        },
        {
          "type": "icon",
          "assetId": "qAyAiqCu5eKUr",
          "checksum": "e0b76213e13c30ff0fd52e734b4c3211"
        },
        {
          "type": "image",
          "assetId": "lyJ5t0mRTUclh",
          "checksum": "15e24c915b57755444b0bdfc241a8dc3"
        },
        {
          "type": "image",
          "assetId": "vp5lRUwOupxBV",
          "checksum": "6b66d4b51a2eff232c4fc6099ffe5c4c"
        },
        {
          "type": "image",
          "assetId": "hoBiWWaWcVTQe",
          "checksum": "8269e9a250ce7990bdb34f2fd8c28771"
        },
        {
          "type": "image",
          "assetId": "c9JcwrOBJgE8t",
          "checksum": "c318cd9888fd26af72405787fb03e9ca"
        },
        {
          "type": "image",
          "assetId": "Hri3qDARlngqN",
          "checksum": "a93549e3d7a9000bdc4b8041fdd78ed9"
        },
        {
          "type": "image",
          "assetId": "486tFmMdqIjXt",
          "checksum": "6f38d3ec21c9d0eb01a0291d217c2156"
        },
        {
          "type": "image",
          "assetId": "qvYQiz7J0NsYM",
          "checksum": "6942e3d2e8661d011c09357a8dd986f5"
        },
        {
          "type": "image",
          "assetId": "m6dKvunXTXMxU",
          "checksum": "c35948ff15f5062b8d10629dfb15a4b8"
        },
        {
          "type": "image",
          "assetId": "sY6CV_VVEje7J",
          "checksum": "b12ca61063d7464b3ee986eb5afee98a"
        },
        {
          "type": "image",
          "assetId": "5rP0F8YPGFL2F",
          "checksum": "ed2fcb9cae2dfd0affd20595e2f522d0"
        },
        {
          "type": "image",
          "assetId": "GdNZW7mIXuDQB",
          "checksum": "daf3c7d71155b88f4f9658bd48e63091"
        },
        {
          "type": "image",
          "assetId": "HOawdf24mtKNM",
          "checksum": "b986f5be7ca25dac36462e466d841b91"
        },
        {
          "type": "image",
          "assetId": "Sj-kc-ff23ZhF",
          "checksum": "e61bdff4875bc9f017728fe3734e13b6"
        },
        {
          "type": "image",
          "assetId": "Uogfoz3dhPkkK",
          "checksum": "d765f732c03a4f75876acf22f3d07ed6"
        },
        {
          "type": "image",
          "assetId": "6CIT6fs0z2TeD",
          "checksum": "1450b575eac7db247c94a41a6d91a3f7"
        },
        {
          "type": "image",
          "assetId": "tTG039XEfWriW",
          "checksum": "6288c0a888f7944d23681519c5a70100"
        },
        {
          "type": "image",
          "assetId": "yexgkSUbJRUHn",
          "checksum": "52e806f6bd15541f7f46fced8441f493"
        },
        {
          "type": "image",
          "assetId": "T8TDUbXNxNJK2",
          "checksum": "108c773df4a9ca8a96387b23e65d17f6"
        },
        {
          "type": "image",
          "assetId": "prqWuwu96rMXG",
          "checksum": "25684201202edf29226b814244788163"
        },
        {
          "type": "image",
          "assetId": "rv5Z5bVoRxeQ4",
          "checksum": "c16dcaba75e48af94a2bdd70554fa24b"
        },
        {
          "type": "image",
          "assetId": "knp33ulvSUXDO",
          "checksum": "30ad570d230a4c715dfe0468f608a2c8"
        },
        {
          "type": "image",
          "assetId": "n0dvNW6gGiCvg",
          "checksum": "663de53f3f39187e8c99d39dc1263f89"
        },
        {
          "type": "image",
          "assetId": "jzX3g9hENCL8C",
          "checksum": "ffd645f2ffb30957c00f08a3c767c527"
        },
        {
          "type": "image",
          "assetId": "L73KRr8rO60JZ",
          "checksum": "8958684f6380fbf76fcebf6297001af9"
        },
        {
          "type": "image",
          "assetId": "pFGWe2hiGDC97",
          "checksum": "afb0333b0f29f7366ab3d49515120e86"
        },
        {
          "type": "image",
          "assetId": "BaYuUukHtn-TL",
          "checksum": "83916489fa6600e4a49b848d6e37a62e"
        },
        {
          "type": "image",
          "assetId": "0f4Eo__gRhG5r",
          "checksum": "7316a1d59c74f53d9327c83121495bf6"
        },
        {
          "type": "image",
          "assetId": "mI2Li1SPrqv4C",
          "checksum": "6dba46f8fe58f4abd6bf2d4e19301f1b"
        },
        {
          "type": "image",
          "assetId": "a8ghdIKnQx63E",
          "checksum": "bc83e5f6181b55f4e6dcfb3652325316"
        },
        {
          "type": "image",
          "assetId": "tPXIPbOwJRk3H",
          "checksum": "42a9f9006e040efa6e58a21bbef74804"
        },
        {
          "type": "image",
          "assetId": "rNOm8b4ZR63Vk",
          "checksum": "6a3f635fb19fb5c87be26a3d3d6fcb77"
        },
        {
          "type": "image",
          "assetId": "YuM504OsUk3xI",
          "checksum": "e72add76da42c951122eacc0a09494ec"
        },
        {
          "type": "image",
          "assetId": "MglGNNLgI7s82",
          "checksum": "d529a0473603af6a52ff175977579395"
        },
        {
          "type": "image",
          "assetId": "b-LluDSxfSTEs",
          "checksum": "f53a5e7e0075319ab8eee8965c5cde5c"
        },
        {
          "type": "image",
          "assetId": "Mz4CnPjI5BewI",
          "checksum": "30b4ec48d4b2aededb2182ccac64f52d"
        },
        {
          "type": "image",
          "assetId": "VpzFXuO0J87FJ",
          "checksum": "a4cc8bd27c972b85f601e0303fdb6d52"
        },
        {
          "type": "image",
          "assetId": "ZTB7KjKh0tdjJ",
          "checksum": "37c971a947893ad38193dc8733e4fddd"
        },
        {
          "type": "image",
          "assetId": "fXCnL5myOUqRg",
          "checksum": "6939580daf6dca69f4c9139f8ca5c27f"
        },
        {
          "type": "image",
          "assetId": "k_i8kgk7-vqI7",
          "checksum": "8ebaa796438ee02467f877c7fa4910ed"
        },
        {
          "type": "image",
          "assetId": "PoaXKxMOtjYIQ",
          "checksum": "ac61b91f77bf819fbdfc0a00e0e05408"
        },
        {
          "type": "image",
          "assetId": "yQJ8NN2M3_qNB",
          "checksum": "6f77b4e03ab3dc2f02db4937ae69d171"
        },
        {
          "type": "image",
          "assetId": "Meihf2ZHR0HAR",
          "checksum": "03ce8edd18f8396af0cb07b1bb12976a"
        },
        {
          "type": "image",
          "assetId": "wl75DRhruOzyl",
          "checksum": "3a24e34b78f44baf8bf6bda1852a6c45"
        },
        {
          "type": "image",
          "assetId": "iRk7f8z07MNRB",
          "checksum": "3677072a8e1f70b8cedce125020e7595"
        },
        {
          "type": "image",
          "assetId": "rtjaElDo2XevF",
          "checksum": "2abc7793777e4580b795ce86edaedddc"
        },
        {
          "type": "image",
          "assetId": "asNs1_Ge2xrvr",
          "checksum": "96f5c21ad65c98902a01e003e46c58ba"
        },
        {
          "type": "image",
          "assetId": "t1szdCT1gvRe5",
          "checksum": "c81dac0fb42499fc07aebb294b931139"
        },
        {
          "type": "image",
          "assetId": "sX9ovF3pnjM5T",
          "checksum": "16377671faea0c8bffcb82d313ac015e"
        },
        {
          "type": "image",
          "assetId": "dcXSykQQj44H0",
          "checksum": "492ce5d779efb98fa3803701f52a65bf"
        },
        {
          "type": "image",
          "assetId": "92dNK_ToWvO_2",
          "checksum": "d02f0a9bfe359f3c260cbb9509e0751d"
        },
        {
          "type": "image",
          "assetId": "AjKJMpeSNXxN5",
          "checksum": "30b0e9be1399cad7d46a3e5365518eef"
        },
        {
          "type": "image",
          "assetId": "x6pelXOOSE98J",
          "checksum": "ae811510a020717978d2517ed5f5b6d9"
        },
        {
          "type": "image",
          "assetId": "A9ifWopuNAib2",
          "checksum": "1e29a7a12bf2a7c7dbc2a210d107344d"
        },
        {
          "type": "image",
          "assetId": "ajMh82dMb28KT",
          "checksum": "7a1a27df6c0ce13730005aaf8d7155c8"
        },
        {
          "type": "image",
          "assetId": "_mN02oTxYS3OE",
          "checksum": "c45f089299550c271e17646974c206f3"
        },
        {
          "type": "image",
          "assetId": "GglzrMsx6jMFU",
          "checksum": "a18d80eaa0a0fb270405f99cd03cbf87"
        },
        {
          "type": "image",
          "assetId": "OfhLvtxIhnRXi",
          "checksum": "3b82302926b23188bf33458e6aa14272"
        },
        {
          "type": "image",
          "assetId": "nqH1y84s0rC70",
          "checksum": "1c51786a868b30089581f5cc14cd3315"
        },
        {
          "type": "image",
          "assetId": "yC2HhcTKmHfCj",
          "checksum": "75802fad969bac68d05fc39b1cb556d0"
        },
        {
          "type": "image",
          "assetId": "ePtURyHUmCs-f",
          "checksum": "d2200dc970fb3e0c92db3fcb49515f4f"
        },
        {
          "type": "image",
          "assetId": "lMSSSftd21Yuv",
          "checksum": "c6b2bd97850ac7b392503ca52a0e4382"
        },
        {
          "type": "image",
          "assetId": "6lxisrHO1y2Wp",
          "checksum": "554ab8d52b7c3fd13c0713c46ca62509"
        },
        {
          "type": "image",
          "assetId": "OkqxLJjYBl5vK",
          "checksum": "bf4b7763373021fd86820758e6c4928f"
        },
        {
          "type": "image",
          "assetId": "bJGwajNWQUSjH",
          "checksum": "df52db03010c3bd92331f3e8e03a3038"
        },
        {
          "type": "image",
          "assetId": "huEmXWo2g1BK7",
          "checksum": "8a8a5a8a45f9a32f4489354476600927"
        },
        {
          "type": "image",
          "assetId": "OkLaD_JPAvqjS",
          "checksum": "1ad053d555b6ff3d8ecc35a5309888a8"
        },
        {
          "type": "image",
          "assetId": "JjPFzRn3cCzOW",
          "checksum": "406e974427859e0fa9a421a685abeda7"
        },
        {
          "type": "image",
          "assetId": "08hhJEOgPuWQl",
          "checksum": "581a94f9771ef014de604341ad3e3183"
        },
        {
          "type": "image",
          "assetId": "H7dooN8U4Tqjn",
          "checksum": "55870320bfeee37e5071f99e5da22f49"
        },
        {
          "type": "image",
          "assetId": "KYvbC-69GLlm4",
          "checksum": "4cf394b7edced53e54716e9242c3bd01"
        },
        {
          "type": "image",
          "assetId": "c0Q79Y4LGtJ-R",
          "checksum": "763d219261447d3ff9ed6a3268d8d612"
        },
        {
          "type": "image",
          "assetId": "PyINzEXPFicgx",
          "checksum": "6939b0bd9f8441251712d99d5f91a74c"
        },
        {
          "type": "image",
          "assetId": "S0zcR41bxp6yZ",
          "checksum": "deb25b200b0a448ad74c78fdab8ea252"
        },
        {
          "type": "image",
          "assetId": "vlUNy5LRI87-8",
          "checksum": "716c5726e87db5a188de037c6727e294"
        },
        {
          "type": "image",
          "assetId": "x0QMuI5k3ND7F",
          "checksum": "b9b41f0c161848a7ea60655415f7da3c"
        },
        {
          "type": "image",
          "assetId": "qFysu9YCZNxxz",
          "checksum": "736d44aca3dc02c5deb8691e23ba8882"
        },
        {
          "type": "image",
          "assetId": "mTOfKADjHogI4",
          "checksum": "f1daba0c095d03e3489bcc8c40f616ce"
        },
        {
          "type": "image",
          "assetId": "_czn-t00KpDsV",
          "checksum": "3884b5684085e17bc3ac333fc0b2b5a2"
        },
        {
          "type": "image",
          "assetId": "Gv9SJo3pwk8Ub",
          "checksum": "ff2aca7c9101f66653808b7ee03ff133"
        },
        {
          "type": "image",
          "assetId": "tpOxa8430lh56",
          "checksum": "e2f85036007a6303f026c481da80243b"
        },
        {
          "type": "image",
          "assetId": "6lqIrKgWOSz4R",
          "checksum": "86bc8aad404ea92995493771eb0da15a"
        },
        {
          "type": "image",
          "assetId": "WAgYRxHRpHFIm",
          "checksum": "4dafb55699b711f743e41596b006e5ba"
        },
        {
          "type": "image",
          "assetId": "cUOFFdGwKKbi_",
          "checksum": "54aa6d5759dea7a425efeb6c15bb5cdb"
        },
        {
          "type": "image",
          "assetId": "s-tkAb5_zHcHX",
          "checksum": "a2ad6d052058127370a53aa614a59b38"
        },
        {
          "type": "image",
          "assetId": "4AT7SNPhWufwm",
          "checksum": "122d2b5fc45a3051581f56da05fbfb51"
        },
        {
          "type": "image",
          "assetId": "WwSW29osPGqCx",
          "checksum": "adef6864b274fb334298e7678461444b"
        },
        {
          "type": "image",
          "assetId": "P4cFQKZCsv4E6",
          "checksum": "765621c104d0abb5a3405ef9464dcc2f"
        },
        {
          "type": "image",
          "assetId": "VHPn7sRNNybgU",
          "checksum": "f4de3b8d5ffeb9b8642140d3f7bed7e2"
        },
        {
          "type": "image",
          "assetId": "dI1hDli1V-Fan",
          "checksum": "1793082aab781ae807ea19ccee86fb09"
        },
        {
          "type": "image",
          "assetId": "hspPPhMiY9nrh",
          "checksum": "f315e8157c87c51e0a03b97bdf9a83ee"
        },
        {
          "type": "image",
          "assetId": "wEa4gS4L4aOxO",
          "checksum": "320b25592968734116721c67f9d1dcf4"
        },
        {
          "type": "image",
          "assetId": "CvKdeNXlTLv1v",
          "checksum": "7eecf12d05f4f4988c4bd1194241bfd7"
        },
        {
          "type": "image",
          "assetId": "w_fACnBvloNta",
          "checksum": "30b330f5853276373eb22a024c156cfd"
        },
        {
          "type": "image",
          "assetId": "5dDA8qBUxKpyL",
          "checksum": "da0b14ab435a860d543504d6aee8cdd9"
        },
        {
          "type": "image",
          "assetId": "BKgGpqcr1VsbC",
          "checksum": "df383e3ad7330870e0821698776a8942"
        },
        {
          "type": "image",
          "assetId": "Tu43L5ORBrDGS",
          "checksum": "66b9e7984f11abcc386e8527ecdfd530"
        },
        {
          "type": "image",
          "assetId": "kM8EvUr6iSAyw",
          "checksum": "578129ef78c5f083ad36aa86afe6a66f"
        },
        {
          "type": "image",
          "assetId": "hxjxOGt3J8tHf",
          "checksum": "a294a4359338783dfb34857530f59cc2"
        },
        {
          "type": "image",
          "assetId": "k7L3sm0_ehlc-",
          "checksum": "0dbe828d6224b4f9225c890c433eabb5"
        },
        {
          "type": "image",
          "assetId": "QD-on0eRDfZK_",
          "checksum": "ee494841a3c65a8376a3a55f91d96073"
        },
        {
          "type": "image",
          "assetId": "U3WXUVk9CQ3Vg",
          "checksum": "d2b083a2a6ea067fd25de4db72591f1f"
        },
        {
          "type": "image",
          "assetId": "jsHpOsMPUN-Yp",
          "checksum": "702fc0aabd2e4ff83fe05ba94eb48529"
        },
        {
          "type": "image",
          "assetId": "EHg7zd4rBqyrr",
          "checksum": "45c35ab8488194eb701f713e4066364f"
        },
        {
          "type": "image",
          "assetId": "xzEeOA_0r_LAl",
          "checksum": "eee849cb8d78305d9ef6760c8cab9138"
        },
        {
          "type": "image",
          "assetId": "Xuce4rdXXMiQq",
          "checksum": "f5ae3b68d0f75204a0459d76d18693d4"
        },
        {
          "type": "image",
          "assetId": "5uIX9efPZF7E3",
          "checksum": "2bca5bdc8d879e74e4e4cf5eb5841884"
        },
        {
          "type": "image",
          "assetId": "pUcX7KnAOswR8",
          "checksum": "2add64c0b7cb78584d0c89b53054b647"
        },
        {
          "type": "image",
          "assetId": "JvpSDN7GXxl_v",
          "checksum": "e5f47662605814d2afd9553e4cf8d093"
        },
        {
          "type": "image",
          "assetId": "kZ2Z-MJRR40C2",
          "checksum": "97ab71801e693432a058bfcab81bd9c2"
        },
        {
          "type": "image",
          "assetId": "x36HjE7Q3Bb9A",
          "checksum": "bfbec4ced415c20d4db0f872c75bc9a7"
        },
        {
          "type": "image",
          "assetId": "mniH8d_AWKOR_",
          "checksum": "3975dcdee8392baaffb761ca565bcca6"
        },
        {
          "type": "image",
          "assetId": "CUkBL7zxUmzkD",
          "checksum": "b6d0bb1400069dfde5d184aef6daef39"
        },
        {
          "type": "image",
          "assetId": "utN3yS8JrR4of",
          "checksum": "7ab533a99976293cfda03b334c7f9668"
        },
        {
          "type": "image",
          "assetId": "vppiEZC5nn2vc",
          "checksum": "b04f4008c84ada5c24f3281f26718ac7"
        },
        {
          "type": "image",
          "assetId": "KDWV9TsIIye-h",
          "checksum": "b26ee4af5984209940193f11fc9626ea"
        },
        {
          "type": "image",
          "assetId": "YdghSBRKRQSAn",
          "checksum": "9838fb1d402e7b5c1ea0c1e088868690"
        },
        {
          "type": "image",
          "assetId": "hBH3XWVKY_tC5",
          "checksum": "5625d86edb565a4ac90539a5b06f957f"
        },
        {
          "type": "image",
          "assetId": "OlPJv00W-HoC7",
          "checksum": "b790acfd10d4c80d022b6e3ada16a816"
        },
        {
          "type": "image",
          "assetId": "8OshPZa3TlILi",
          "checksum": "cba58054ac203499a9708e00af8bb27f"
        },
        {
          "type": "image",
          "assetId": "EgY-WLeblbqKc",
          "checksum": "12c957ada3e6f606c3695507d08ed946"
        },
        {
          "type": "image",
          "assetId": "8HiUKtFCLx5nQ",
          "checksum": "a0664b2c291fa691d771b8985273cb23"
        },
        {
          "type": "image",
          "assetId": "DLFl4RXTofxtE",
          "checksum": "24b64a06a7a9a702150708a0ad7be2f9"
        }
      ],
      "codegenVersion": "0.0.1"
    }
  ],
  "cliVersion": "0.1.224"
}
